
Microsoft Visual Studio Solution File, Format Version 12.00
# Visual Studio Version 16
VisualStudioVersion = 16.0.32413.511
MinimumVisualStudioVersion = 10.0.40219.1
Project("{9A19103F-16F7-4668-BE54-9A1E7A4F7556}") = "PopulationMonitor", "PopulationMonitor\PopulationMonitor.csproj", "{B320ED72-BADE-4E52-966E-EBED6F3CE41E}"
EndProject
Project("{9A19103F-16F7-4668-BE54-9A1E7A4F7556}") = "BusinessLayer", "BusinessLayer\BusinessLayer.csproj", "{69CC6414-F5F0-47E8-A24C-7F01576B113E}"
EndProject
Project("{9A19103F-16F7-4668-BE54-9A1E7A4F7556}") = "DataAccessLayer", "DataAccessLayer\DataAccessLayer.csproj", "{C0412D3D-4E51-4453-B708-73BDAE3EB751}"
EndProject
Global
	GlobalSection(SolutionConfigurationPlatforms) = preSolution
		Debug|Any CPU = Debug|Any CPU
		Release|Any CPU = Release|Any CPU
	EndGlobalSection
	GlobalSection(ProjectConfigurationPlatforms) = postSolution
		{B320ED72-BADE-4E52-966E-EBED6F3CE41E}.Debug|Any CPU.ActiveCfg = Debug|Any CPU
		{B320ED72-BADE-4E52-966E-EBED6F3CE41E}.Debug|Any CPU.Build.0 = Debug|Any CPU
		{B320ED72-BADE-4E52-966E-EBED6F3CE41E}.Release|Any CPU.ActiveCfg = Release|Any CPU
		{B320ED72-BADE-4E52-966E-EBED6F3CE41E}.Release|Any CPU.Build.0 = Release|Any CPU
		{69CC6414-F5F0-47E8-A24C-7F01576B113E}.Debug|Any CPU.ActiveCfg = Debug|Any CPU
		{69CC6414-F5F0-47E8-A24C-7F01576B113E}.Debug|Any CPU.Build.0 = Debug|Any CPU
		{69CC6414-F5F0-47E8-A24C-7F01576B113E}.Release|Any CPU.ActiveCfg = Release|Any CPU
		{69CC6414-F5F0-47E8-A24C-7F01576B113E}.Release|Any CPU.Build.0 = Release|Any CPU
		{C0412D3D-4E51-4453-B708-73BDAE3EB751}.Debug|Any CPU.ActiveCfg = Debug|Any CPU
		{C0412D3D-4E51-4453-B708-73BDAE3EB751}.Debug|Any CPU.Build.0 = Debug|Any CPU
		{C0412D3D-4E51-4453-B708-73BDAE3EB751}.Release|Any CPU.ActiveCfg = Release|Any CPU
		{C0412D3D-4E51-4453-B708-73BDAE3EB751}.Release|Any CPU.Build.0 = Release|Any CPU
	EndGlobalSection
	GlobalSection(SolutionProperties) = preSolution
		HideSolutionNode = FALSE
	EndGlobalSection
	GlobalSection(ExtensibilityGlobals) = postSolution
		SolutionGuid = {23D997CA-1EF2-4783-AC02-F3EE70470721}
	EndGlobalSection
EndGlobal
